Microsoft Visual Studio Solution File, Format Version 11.00
# Visual Studio 2008

Project("{489F6F9D-5BBC-C437-B374-27166174B100}") = "CurseOfLife", "Assembly-CSharp.csproj", "{BB08841D-B780-DAB6-1DB6-8B7A71A12089}"
EndProject
Global
	GlobalSection(SolutionConfigurationPlatforms) = preSolution
		Debug|Any CPU = Debug|Any CPU
		Release|Any CPU = Release|Any CPU
	EndGlobalSection
	GlobalSection(ProjectConfigurationPlatforms) = postSolution
		{BB08841D-B780-DAB6-1DB6-8B7A71A12089}.Debug|Any CPU.ActiveCfg = Debug|Any CPU
		{BB08841D-B780-DAB6-1DB6-8B7A71A12089}.Debug|Any CPU.Build.0 = Debug|Any CPU
		{BB08841D-B780-DAB6-1DB6-8B7A71A12089}.Release|Any CPU.ActiveCfg = Release|Any CPU
		{BB08841D-B780-DAB6-1DB6-8B7A71A12089}.Release|Any CPU.Build.0 = Release|Any CPU
	EndGlobalSection
	GlobalSection(SolutionProperties) = preSolution
		HideSolutionNode = FALSE
	EndGlobalSection
	GlobalSection(MonoDevelopProperties) = preSolution
		StartupItem = Assembly-CSharp.csproj
	EndGlobalSection
EndGlobal
